Microsoft Visual Studio Solution File, Format Version 12.00
# Visual Studio 15
VisualStudioVersion = 15.0.26730.15
MinimumVisualStudioVersion = 10.0.40219.1
Project("{2150E333-8FDC-42A3-9474-1A3956D46DE8}") = ".paket", ".paket", "{6D2497B1-6E3B-42CF-840B-D9D900B9453C}"
	ProjectSection(SolutionItems) = preProject
		paket.dependencies = paket.dependencies
		paket.lock = paket.lock
	EndProjectSection
EndProject
Project("{FAE04EC0-301F-11D3-BF4B-00C04F79EFBC}") = "Log4Net.Async.Tests", "Log4Net.Async.Tests\Log4Net.Async.Tests.csproj", "{A4C43C9A-2B71-4186-BAB5-DE294E5A05BA}"
EndProject
Project("{2150E333-8FDC-42A3-9474-1A3956D46DE8}") = "App", "App", "{EAFB6668-7DDC-469A-96AD-7DBE3DCF0304}"
EndProject
Project("{2150E333-8FDC-42A3-9474-1A3956D46DE8}") = "Test", "Test", "{4D497103-B378-433C-B340-8012E72FD3EF}"
EndProject
Project("{2150E333-8FDC-42A3-9474-1A3956D46DE8}") = "Samples", "Samples", "{A7C34A9D-7673-43F3-9AF0-CCE755D9F43B}"
	ProjectSection(SolutionItems) = preProject
		SampleConfig\AsyncAdoAppender.config = SampleConfig\AsyncAdoAppender.config
		SampleConfig\AsyncForwardingAppender.config = SampleConfig\AsyncForwardingAppender.config
		SampleConfig\AsyncRollingFileAppender.config = SampleConfig\AsyncRollingFileAppender.config
	EndProjectSection
EndProject
Project("{9A19103F-16F7-4668-BE54-9A1E7A4F7556}") = "Log4Net.Async", "Log4Net.Async\Log4Net.Async.csproj", "{73EF1A0E-7114-4692-BE62-7F695B68F591}"
EndProject
Global
	GlobalSection(SolutionConfigurationPlatforms) = preSolution
		Debug|Any CPU = Debug|Any CPU
		Release|Any CPU = Release|Any CPU
	EndGlobalSection
	GlobalSection(ProjectConfigurationPlatforms) = postSolution
		{A4C43C9A-2B71-4186-BAB5-DE294E5A05BA}.Debug|Any CPU.ActiveCfg = Debug|Any CPU
		{A4C43C9A-2B71-4186-BAB5-DE294E5A05BA}.Debug|Any CPU.Build.0 = Debug|Any CPU
		{A4C43C9A-2B71-4186-BAB5-DE294E5A05BA}.Release|Any CPU.ActiveCfg = Release|Any CPU
		{A4C43C9A-2B71-4186-BAB5-DE294E5A05BA}.Release|Any CPU.Build.0 = Release|Any CPU
		{73EF1A0E-7114-4692-BE62-7F695B68F591}.Debug|Any CPU.ActiveCfg = Debug|Any CPU
		{73EF1A0E-7114-4692-BE62-7F695B68F591}.Debug|Any CPU.Build.0 = Debug|Any CPU
		{73EF1A0E-7114-4692-BE62-7F695B68F591}.Release|Any CPU.ActiveCfg = Release|Any CPU
		{73EF1A0E-7114-4692-BE62-7F695B68F591}.Release|Any CPU.Build.0 = Release|Any CPU
	EndGlobalSection
	GlobalSection(SolutionProperties) = preSolution
		HideSolutionNode = FALSE
	EndGlobalSection
	GlobalSection(NestedProjects) = preSolution
		{A4C43C9A-2B71-4186-BAB5-DE294E5A05BA} = {4D497103-B378-433C-B340-8012E72FD3EF}
		{73EF1A0E-7114-4692-BE62-7F695B68F591} = {EAFB6668-7DDC-469A-96AD-7DBE3DCF0304}
	EndGlobalSection
	GlobalSection(ExtensibilityGlobals) = postSolution
		SolutionGuid = {100F749C-77B7-442C-9D95-63B9B313A873}
	EndGlobalSection
EndGlobal
